
Microsoft Visual Studio Solution File, Format Version 12.00
# Visual Studio Version 16
VisualStudioVersion = 16.0.32228.343
MinimumVisualStudioVersion = 10.0.40219.1
Project("{FAE04EC0-301F-11D3-BF4B-00C04F79EFBC}") = "WindowsFormsApp", "WindowsFormsApp.csproj", "{DD4FC806-B713-434E-BC34-FFFA42BE0FEA}"
EndProject
Global
	GlobalSection(SolutionConfigurationPlatforms) = preSolution
		Debug|Any CPU = Debug|Any CPU
		Release|Any CPU = Release|Any CPU
	EndGlobalSection
	GlobalSection(ProjectConfigurationPlatforms) = postSolution
		{DD4FC806-B713-434E-BC34-FFFA42BE0FEA}.Debug|Any CPU.ActiveCfg = Debug|Any CPU
		{DD4FC806-B713-434E-BC34-FFFA42BE0FEA}.Debug|Any CPU.Build.0 = Debug|Any CPU
		{DD4FC806-B713-434E-BC34-FFFA42BE0FEA}.Release|Any CPU.ActiveCfg = Release|Any CPU
		{DD4FC806-B713-434E-BC34-FFFA42BE0FEA}.Release|Any CPU.Build.0 = Release|Any CPU
	EndGlobalSection
	GlobalSection(SolutionProperties) = preSolution
		HideSolutionNode = FALSE
	EndGlobalSection
	GlobalSection(ExtensibilityGlobals) = postSolution
		SolutionGuid = {F758BD92-C2B6-49CD-AA95-4AC2B173A7C3}
	EndGlobalSection
EndGlobal
